
Microsoft Visual Studio Solution File, Format Version 12.00
# Visual Studio 2013
VisualStudioVersion = 12.0.21005.1
MinimumVisualStudioVersion = 10.0.40219.1
Project("{FAE04EC0-301F-11D3-BF4B-00C04F79EFBC}") = "Codingame", "Codingame\Codingame.csproj", "{28A9BE19-15BA-4D09-9F4B-4B898CB095CA}"
EndProject
Project("{2150E333-8FDC-42A3-9474-1A3956D46DE8}") = "Files", "Files", "{FF74EB5D-BEE3-40A9-BA25-8FC53E895EBE}"
	ProjectSection(SolutionItems) = preProject
		Hld.txt = Hld.txt
	EndProjectSection
EndProject
Project("{FAE04EC0-301F-11D3-BF4B-00C04F79EFBC}") = "CodingameTesting", "CodingameTesting\CodingameTesting.csproj", "{97750AD9-641D-40F0-9635-CF5F11DC16F7}"
EndProject
Global
	GlobalSection(SolutionConfigurationPlatforms) = preSolution
		Debug|Any CPU = Debug|Any CPU
		Release|Any CPU = Release|Any CPU
	EndGlobalSection
	GlobalSection(ProjectConfigurationPlatforms) = postSolution
		{28A9BE19-15BA-4D09-9F4B-4B898CB095CA}.Debug|Any CPU.ActiveCfg = Debug|Any CPU
		{28A9BE19-15BA-4D09-9F4B-4B898CB095CA}.Debug|Any CPU.Build.0 = Debug|Any CPU
		{28A9BE19-15BA-4D09-9F4B-4B898CB095CA}.Release|Any CPU.ActiveCfg = Release|Any CPU
		{28A9BE19-15BA-4D09-9F4B-4B898CB095CA}.Release|Any CPU.Build.0 = Release|Any CPU
		{97750AD9-641D-40F0-9635-CF5F11DC16F7}.Debug|Any CPU.ActiveCfg = Debug|Any CPU
		{97750AD9-641D-40F0-9635-CF5F11DC16F7}.Debug|Any CPU.Build.0 = Debug|Any CPU
		{97750AD9-641D-40F0-9635-CF5F11DC16F7}.Release|Any CPU.ActiveCfg = Release|Any CPU
		{97750AD9-641D-40F0-9635-CF5F11DC16F7}.Release|Any CPU.Build.0 = Release|Any CPU
	EndGlobalSection
	GlobalSection(SolutionProperties) = preSolution
		HideSolutionNode = FALSE
	EndGlobalSection
EndGlobal
